
Microsoft Visual Studio Solution File, Format Version 12.00
# Visual Studio Version 17
VisualStudioVersion = 17.5.001.0
MinimumVisualStudioVersion = 10.0.40219.1
Project("{9A19103F-16F7-4668-BE54-9A1E7A4F7556}") = "Console.App3", "Console.App3\Console.App3.csproj", "{9C644423-98E8-46CE-AD82-D92E422F5688}"
EndProject
Project("{9A19103F-16F7-4668-BE54-9A1E7A4F7556}") = "ConsoleApp1", "ConsoleApp1\ConsoleApp1.csproj", "{0264A328-534A-430F-9742-1172134F4255}"
EndProject
Project("{9A19103F-16F7-4668-BE54-9A1E7A4F7556}") = "ConsoleApp2", "ConsoleApp2\ConsoleApp2.csproj", "{C98169C3-D93D-4965-BE48-A129140E163C}"
EndProject
Global
	GlobalSection(SolutionConfigurationPlatforms) = preSolution
		Debug|Any CPU = Debug|Any CPU
		Release|Any CPU = Release|Any CPU
	EndGlobalSection
	GlobalSection(ProjectConfigurationPlatforms) = postSolution
		{9C644423-98E8-46CE-AD82-D92E422F5688}.Debug|Any CPU.ActiveCfg = Debug|Any CPU
		{9C644423-98E8-46CE-AD82-D92E422F5688}.Debug|Any CPU.Build.0 = Debug|Any CPU
		{9C644423-98E8-46CE-AD82-D92E422F5688}.Release|Any CPU.ActiveCfg = Release|Any CPU
		{9C644423-98E8-46CE-AD82-D92E422F5688}.Release|Any CPU.Build.0 = Release|Any CPU
		{0264A328-534A-430F-9742-1172134F4255}.Debug|Any CPU.ActiveCfg = Debug|Any CPU
		{0264A328-534A-430F-9742-1172134F4255}.Debug|Any CPU.Build.0 = Debug|Any CPU
		{0264A328-534A-430F-9742-1172134F4255}.Release|Any CPU.ActiveCfg = Release|Any CPU
		{0264A328-534A-430F-9742-1172134F4255}.Release|Any CPU.Build.0 = Release|Any CPU
		{C98169C3-D93D-4965-BE48-A129140E163C}.Debug|Any CPU.ActiveCfg = Debug|Any CPU
		{C98169C3-D93D-4965-BE48-A129140E163C}.Debug|Any CPU.Build.0 = Debug|Any CPU
		{C98169C3-D93D-4965-BE48-A129140E163C}.Release|Any CPU.ActiveCfg = Release|Any CPU
		{C98169C3-D93D-4965-BE48-A129140E163C}.Release|Any CPU.Build.0 = Release|Any CPU
	EndGlobalSection
	GlobalSection(SolutionProperties) = preSolution
		HideSolutionNode = FALSE
	EndGlobalSection
	GlobalSection(ExtensibilityGlobals) = postSolution
		SolutionGuid = {18F9D43C-6F15-4F75-A540-A85BB6A88B06}
	EndGlobalSection
EndGlobal
